
Microsoft Visual Studio Solution File, Format Version 12.00
Project("{FAE04EC0-301F-11D3-BF4B-00C04F79EFBC}") = "SPbSTU.OPD.ASAP.Core.Presentation", "SPbSTU.OPD.ASAP.Core.Presentation\SPbSTU.OPD.ASAP.Core.Presentation.csproj", "{7820819F-0F69-4B0F-A717-FB23D85693C8}"
EndProject
Project("{2150E333-8FDC-42A3-9474-1A3956D46DE8}") = "common", "common", "{AF32D927-A57A-4DE8-8ED3-EA1B9159BD66}"
	ProjectSection(SolutionItems) = preProject
		docker-compose.yml = docker-compose.yml
		.dockerignore = .dockerignore
		..\..\..\.gitignore = ..\..\..\.gitignore
	EndProjectSection
EndProject
Project("{FAE04EC0-301F-11D3-BF4B-00C04F79EFBC}") = "SPbSTU.OPD.ASAP.Core.Domain", "SPbSTU.OPD.ASAP.Core.Domain\SPbSTU.OPD.ASAP.Core.Domain.csproj", "{6CD403BC-5F84-4F4B-98B9-897FDDCFD886}"
EndProject
Project("{FAE04EC0-301F-11D3-BF4B-00C04F79EFBC}") = "SPbSTU.OPD.ASAP.Core.Infrastructure", "SPbSTU.OPD.ASAP.Core.Infrastructure\SPbSTU.OPD.ASAP.Core.Infrastructure.csproj", "{A83625CF-2994-4F20-B9E9-463AF0F932A3}"
EndProject
Project("{FAE04EC0-301F-11D3-BF4B-00C04F79EFBC}") = "SPbSTU.OPD.ASAP.Core.Application", "SPbSTU.OPD.ASAP.Core.Application\SPbSTU.OPD.ASAP.Core.Application.csproj", "{F2607F2F-0154-43A0-98DB-A1DEA8973EBF}"
EndProject
Project("{FAE04EC0-301F-11D3-BF4B-00C04F79EFBC}") = "SPbSTU.OPD.ASAP.Core.Persistence", "SPbSTU.OPD.ASAP.Core.Persistence\SPbSTU.OPD.ASAP.Core.Persistence.csproj", "{5F1633B9-2BD9-4415-A714-10C57F7F1F62}"
EndProject
Project("{FAE04EC0-301F-11D3-BF4B-00C04F79EFBC}") = "SPbSTU.OPD.ASAP.Core.TestGenerator", "SPbSTU.OPD.ASAP.Core.TestGenerator\SPbSTU.OPD.ASAP.Core.TestGenerator.csproj", "{BA672AF7-CB2B-414D-8BE3-DED97A3E4526}"
EndProject
Global
	GlobalSection(SolutionConfigurationPlatforms) = preSolution
		Debug|Any CPU = Debug|Any CPU
		Release|Any CPU = Release|Any CPU
	EndGlobalSection
	GlobalSection(ProjectConfigurationPlatforms) = postSolution
		{7820819F-0F69-4B0F-A717-FB23D85693C8}.Debug|Any CPU.ActiveCfg = Debug|Any CPU
		{7820819F-0F69-4B0F-A717-FB23D85693C8}.Debug|Any CPU.Build.0 = Debug|Any CPU
		{7820819F-0F69-4B0F-A717-FB23D85693C8}.Release|Any CPU.ActiveCfg = Release|Any CPU
		{7820819F-0F69-4B0F-A717-FB23D85693C8}.Release|Any CPU.Build.0 = Release|Any CPU
		{6CD403BC-5F84-4F4B-98B9-897FDDCFD886}.Debug|Any CPU.ActiveCfg = Debug|Any CPU
		{6CD403BC-5F84-4F4B-98B9-897FDDCFD886}.Debug|Any CPU.Build.0 = Debug|Any CPU
		{6CD403BC-5F84-4F4B-98B9-897FDDCFD886}.Release|Any CPU.ActiveCfg = Release|Any CPU
		{6CD403BC-5F84-4F4B-98B9-897FDDCFD886}.Release|Any CPU.Build.0 = Release|Any CPU
		{A83625CF-2994-4F20-B9E9-463AF0F932A3}.Debug|Any CPU.ActiveCfg = Debug|Any CPU
		{A83625CF-2994-4F20-B9E9-463AF0F932A3}.Debug|Any CPU.Build.0 = Debug|Any CPU
		{A83625CF-2994-4F20-B9E9-463AF0F932A3}.Release|Any CPU.ActiveCfg = Release|Any CPU
		{A83625CF-2994-4F20-B9E9-463AF0F932A3}.Release|Any CPU.Build.0 = Release|Any CPU
		{F2607F2F-0154-43A0-98DB-A1DEA8973EBF}.Debug|Any CPU.ActiveCfg = Debug|Any CPU
		{F2607F2F-0154-43A0-98DB-A1DEA8973EBF}.Debug|Any CPU.Build.0 = Debug|Any CPU
		{F2607F2F-0154-43A0-98DB-A1DEA8973EBF}.Release|Any CPU.ActiveCfg = Release|Any CPU
		{F2607F2F-0154-43A0-98DB-A1DEA8973EBF}.Release|Any CPU.Build.0 = Release|Any CPU
		{5F1633B9-2BD9-4415-A714-10C57F7F1F62}.Debug|Any CPU.ActiveCfg = Debug|Any CPU
		{5F1633B9-2BD9-4415-A714-10C57F7F1F62}.Debug|Any CPU.Build.0 = Debug|Any CPU
		{5F1633B9-2BD9-4415-A714-10C57F7F1F62}.Release|Any CPU.ActiveCfg = Release|Any CPU
		{5F1633B9-2BD9-4415-A714-10C57F7F1F62}.Release|Any CPU.Build.0 = Release|Any CPU
		{BA672AF7-CB2B-414D-8BE3-DED97A3E4526}.Debug|Any CPU.ActiveCfg = Debug|Any CPU
		{BA672AF7-CB2B-414D-8BE3-DED97A3E4526}.Debug|Any CPU.Build.0 = Debug|Any CPU
		{BA672AF7-CB2B-414D-8BE3-DED97A3E4526}.Release|Any CPU.ActiveCfg = Release|Any CPU
		{BA672AF7-CB2B-414D-8BE3-DED97A3E4526}.Release|Any CPU.Build.0 = Release|Any CPU
	EndGlobalSection
EndGlobal
